
Microsoft Visual Studio Solution File, Format Version 12.00
# Visual Studio 15
VisualStudioVersion = 15.0.28307.1267
MinimumVisualStudioVersion = 10.0.40219.1
Project("{FAE04EC0-301F-11D3-BF4B-00C04F79EFBC}") = "KDWebApp", "KDWebApp\KDWebApp.csproj", "{B7CA1F48-A81E-46AC-B203-C62B179FD9E6}"
EndProject
Global
	GlobalSection(SolutionConfigurationPlatforms) = preSolution
		Debug|Any CPU = Debug|Any CPU
		Release|Any CPU = Release|Any CPU
	EndGlobalSection
	GlobalSection(ProjectConfigurationPlatforms) = postSolution
		{B7CA1F48-A81E-46AC-B203-C62B179FD9E6}.Debug|Any CPU.ActiveCfg = Debug|Any CPU
		{B7CA1F48-A81E-46AC-B203-C62B179FD9E6}.Debug|Any CPU.Build.0 = Debug|Any CPU
		{B7CA1F48-A81E-46AC-B203-C62B179FD9E6}.Release|Any CPU.ActiveCfg = Release|Any CPU
		{B7CA1F48-A81E-46AC-B203-C62B179FD9E6}.Release|Any CPU.Build.0 = Release|Any CPU
	EndGlobalSection
	GlobalSection(SolutionProperties) = preSolution
		HideSolutionNode = FALSE
	EndGlobalSection
	GlobalSection(ExtensibilityGlobals) = postSolution
		SolutionGuid = {14C3B3FC-56F1-4290-8AAE-4225A6C655D8}
	EndGlobalSection
EndGlobal
